
Microsoft Visual Studio Solution File, Format Version 11.00
# Visual Studio 2010
Project("{FAE04EC0-301F-11D3-BF4B-00C04F79EFBC}") = "Presentacion", "Presentacion\Presentacion.csproj", "{23D10C20-A39A-4867-B994-B6A3B7892EA2}"
EndProject
Project("{FAE04EC0-301F-11D3-BF4B-00C04F79EFBC}") = "Logica", "Logica\Logica.csproj", "{7BEB36D5-A296-4C39-94C4-B9BBE753537A}"
EndProject
Project("{FAE04EC0-301F-11D3-BF4B-00C04F79EFBC}") = "Datos", "Datos\Datos.csproj", "{ED1A8111-6FFB-4F50-BBBD-4421523E64C8}"
EndProject
Global
	GlobalSection(TestCaseManagementSettings) = postSolution
		CategoryFile = CeatN1SV.vsmdi
	EndGlobalSection
	GlobalSection(SolutionConfigurationPlatforms) = preSolution
		Debug|Any CPU = Debug|Any CPU
		Debug|Mixed Platforms = Debug|Mixed Platforms
		Debug|x86 = Debug|x86
		Release|Any CPU = Release|Any CPU
		Release|Mixed Platforms = Release|Mixed Platforms
		Release|x86 = Release|x86
	EndGlobalSection
	GlobalSection(ProjectConfigurationPlatforms) = postSolution
		{23D10C20-A39A-4867-B994-B6A3B7892EA2}.Debug|Any CPU.ActiveCfg = Debug|x86
		{23D10C20-A39A-4867-B994-B6A3B7892EA2}.Debug|Mixed Platforms.ActiveCfg = Debug|x86
		{23D10C20-A39A-4867-B994-B6A3B7892EA2}.Debug|Mixed Platforms.Build.0 = Debug|x86
		{23D10C20-A39A-4867-B994-B6A3B7892EA2}.Debug|x86.ActiveCfg = Debug|x86
		{23D10C20-A39A-4867-B994-B6A3B7892EA2}.Debug|x86.Build.0 = Debug|x86
		{23D10C20-A39A-4867-B994-B6A3B7892EA2}.Release|Any CPU.ActiveCfg = Release|x86
		{23D10C20-A39A-4867-B994-B6A3B7892EA2}.Release|Mixed Platforms.ActiveCfg = Release|x86
		{23D10C20-A39A-4867-B994-B6A3B7892EA2}.Release|Mixed Platforms.Build.0 = Release|x86
		{23D10C20-A39A-4867-B994-B6A3B7892EA2}.Release|x86.ActiveCfg = Release|x86
		{23D10C20-A39A-4867-B994-B6A3B7892EA2}.Release|x86.Build.0 = Release|x86
		{7BEB36D5-A296-4C39-94C4-B9BBE753537A}.Debug|Any CPU.ActiveCfg = Debug|Any CPU
		{7BEB36D5-A296-4C39-94C4-B9BBE753537A}.Debug|Any CPU.Build.0 = Debug|Any CPU
		{7BEB36D5-A296-4C39-94C4-B9BBE753537A}.Debug|Mixed Platforms.ActiveCfg = Debug|Any CPU
		{7BEB36D5-A296-4C39-94C4-B9BBE753537A}.Debug|Mixed Platforms.Build.0 = Debug|Any CPU
		{7BEB36D5-A296-4C39-94C4-B9BBE753537A}.Debug|x86.ActiveCfg = Debug|Any CPU
		{7BEB36D5-A296-4C39-94C4-B9BBE753537A}.Release|Any CPU.ActiveCfg = Release|Any CPU
		{7BEB36D5-A296-4C39-94C4-B9BBE753537A}.Release|Any CPU.Build.0 = Release|Any CPU
		{7BEB36D5-A296-4C39-94C4-B9BBE753537A}.Release|Mixed Platforms.ActiveCfg = Release|Any CPU
		{7BEB36D5-A296-4C39-94C4-B9BBE753537A}.Release|Mixed Platforms.Build.0 = Release|Any CPU
		{7BEB36D5-A296-4C39-94C4-B9BBE753537A}.Release|x86.ActiveCfg = Release|Any CPU
		{ED1A8111-6FFB-4F50-BBBD-4421523E64C8}.Debug|Any CPU.ActiveCfg = Debug|Any CPU
		{ED1A8111-6FFB-4F50-BBBD-4421523E64C8}.Debug|Any CPU.Build.0 = Debug|Any CPU
		{ED1A8111-6FFB-4F50-BBBD-4421523E64C8}.Debug|Mixed Platforms.ActiveCfg = Debug|Any CPU
		{ED1A8111-6FFB-4F50-BBBD-4421523E64C8}.Debug|Mixed Platforms.Build.0 = Debug|Any CPU
		{ED1A8111-6FFB-4F50-BBBD-4421523E64C8}.Debug|x86.ActiveCfg = Debug|Any CPU
		{ED1A8111-6FFB-4F50-BBBD-4421523E64C8}.Release|Any CPU.ActiveCfg = Release|Any CPU
		{ED1A8111-6FFB-4F50-BBBD-4421523E64C8}.Release|Any CPU.Build.0 = Release|Any CPU
		{ED1A8111-6FFB-4F50-BBBD-4421523E64C8}.Release|Mixed Platforms.ActiveCfg = Release|Any CPU
		{ED1A8111-6FFB-4F50-BBBD-4421523E64C8}.Release|Mixed Platforms.Build.0 = Release|Any CPU
		{ED1A8111-6FFB-4F50-BBBD-4421523E64C8}.Release|x86.ActiveCfg = Release|Any CPU
	EndGlobalSection
	GlobalSection(SolutionProperties) = preSolution
		HideSolutionNode = FALSE
	EndGlobalSection
EndGlobal
